github.com/adityatelange/hugo-PaperMod v0.0.0-20230826144857-efe4cb45161b h1:eLMvFFfTaW5oGnamkeSsbxxgVF74vDaZfGdXMmkkAPA=
github.com/adityatelange/hugo-PaperMod v0.0.0-20230826144857-efe4cb45161b/go.mod h1:HCHxNMKYdGafUYjVV3ICiAqznZK2yH0iI53jqcDFDdQ=
github.com/jpanther/congo/v2 v2.6.1 h1:iA8uosVsiMl3JbBSBwMvrxEibzBcDp+RIj18f/cmlDs=
github.com/jpanther/congo/v2 v2.6.1/go.mod h1:1S7DRoO1ZYS4YUdFd1LjTkdyjQwsjFWd8TqSfz3Jd+M=
